// !$*UTF8*$!
{
	archiveVersion = 1;
	classes = {
	};
	objectVersion = 56;
	objects = {

/* Begin PBXBuildFile section */
		1ABD0BE52A66F5C700FF6030 /* NoteAppUsingSwiftUIApp.swift in Sources */ = {isa = PBXBuildFile; fileRef = 1ABD0BE42A66F5C700FF6030 /* NoteAppUsingSwiftUIApp.swift */; };
		1ABD0BE92A66F5C700FF6030 /* Assets.xcassets in Resources */ = {isa = PBXBuildFile; fileRef = 1ABD0BE82A66F5C700FF6030 /* Assets.xcassets */; };
		1ABD0BEC2A66F5C700FF6030 /* Preview Assets.xcassets in Resources */ = {isa = PBXBuildFile; fileRef = 1ABD0BEB2A66F5C700FF6030 /* Preview Assets.xcassets */; };
		1ABD0BF42A68104000FF6030 /* ListView.swift in Sources */ = {isa = PBXBuildFile; fileRef = 1ABD0BF32A68104000FF6030 /* ListView.swift */; };
		1ABD0BF62A6811BE00FF6030 /* ListRowView.swift in Sources */ = {isa = PBXBuildFile; fileRef = 1ABD0BF52A6811BE00FF6030 /* ListRowView.swift */; };
		1ABD0BF82A684A8D00FF6030 /* AddView.swift in Sources */ = {isa = PBXBuildFile; fileRef = 1ABD0BF72A684A8D00FF6030 /* AddView.swift */; };
		1ABD0BFB2A6D070400FF6030 /* ItemModel.swift in Sources */ = {isa = PBXBuildFile; fileRef = 1ABD0BFA2A6D070400FF6030 /* ItemModel.swift */; };
		1ABD0BFE2A6D0DA400FF6030 /* ListViewModel.swift in Sources */ = {isa = PBXBuildFile; fileRef = 1ABD0BFD2A6D0DA400FF6030 /* ListViewModel.swift */; };
		1ABD0C002A6D4C8C00FF6030 /* NoItemsView.swift in Sources */ = {isa = PBXBuildFile; fileRef = 1ABD0BFF2A6D4C8C00FF6030 /* NoItemsView.swift */; };
		1ABD0C022A6E648900FF6030 /* LaunchScreen.storyboard in Resources */ = {isa = PBXBuildFile; fileRef = 1ABD0C012A6E648900FF6030 /* LaunchScreen.storyboard */; };
/* End PBXBuildFile section */

/* Begin PBXFileReference section */
		1ABD0BE12A66F5C700FF6030 /* NoteAppUsingSwiftUI.app */ = {isa = PBXFileReference; explicitFileType = wrapper.application; includeInIndex = 0; path = NoteAppUsingSwiftUI.app; sourceTree = BUILT_PRODUCTS_DIR; };
		1ABD0BE42A66F5C700FF6030 /* NoteAppUsingSwiftUIApp.swift */ = {isa = PBXFileReference; lastKnownFileType = sourcecode.swift; path = NoteAppUsingSwiftUIApp.swift; sourceTree = "<group>"; };
		1ABD0BE82A66F5C700FF6030 /* Assets.xcassets */ = {isa = PBXFileReference; lastKnownFileType = folder.assetcatalog; path = Assets.xcassets; sourceTree = "<group>"; };
		1ABD0BEB2A66F5C700FF6030 /* Preview Assets.xcassets */ = {isa = PBXFileReference; lastKnownFileType = folder.assetcatalog; path = "Preview Assets.xcassets"; sourceTree = "<group>"; };
		1ABD0BF32A68104000FF6030 /* ListView.swift */ = {isa = PBXFileReference; lastKnownFileType = sourcecode.swift; path = ListView.swift; sourceTree = "<group>"; };
		1ABD0BF52A6811BE00FF6030 /* ListRowView.swift */ = {isa = PBXFileReference; lastKnownFileType = sourcecode.swift; path = ListRowView.swift; sourceTree = "<group>"; };
		1ABD0BF72A684A8D00FF6030 /* AddView.swift */ = {isa = PBXFileReference; lastKnownFileType = sourcecode.swift; path = AddView.swift; sourceTree = "<group>"; };
		1ABD0BFA2A6D070400FF6030 /* ItemModel.swift */ = {isa = PBXFileReference; lastKnownFileType = sourcecode.swift; path = ItemModel.swift; sourceTree = "<group>"; };
		1ABD0BFD2A6D0DA400FF6030 /* ListViewModel.swift */ = {isa = PBXFileReference; lastKnownFileType = sourcecode.swift; path = ListViewModel.swift; sourceTree = "<group>"; };
		1ABD0BFF2A6D4C8C00FF6030 /* NoItemsView.swift */ = {isa = PBXFileReference; lastKnownFileType = sourcecode.swift; path = NoItemsView.swift; sourceTree = "<group>"; };
		1ABD0C012A6E648900FF6030 /* LaunchScreen.storyboard */ = {isa = PBXFileReference; lastKnownFileType = file.storyboard; path = LaunchScreen.storyboard; sourceTree = "<group>"; };
/* End PBXFileReference section */

/* Begin PBXFrameworksBuildPhase section */
		1ABD0BDE2A66F5C700FF6030 /* Frameworks */ = {
			isa = PBXFrameworksBuildPhase;
			buildActionMask = 2147483647;
			files = (
			);
			runOnlyForDeploymentPostprocessing = 0;
		};
/* End PBXFrameworksBuildPhase section */

/* Begin PBXGroup section */
		1ABD0BD82A66F5C700FF6030 = {
			isa = PBXGroup;
			children = (
				1ABD0BE32A66F5C700FF6030 /* NoteAppUsingSwiftUI */,
				1ABD0BE22A66F5C700FF6030 /* Products */,
			);
			sourceTree = "<group>";
		};
		1ABD0BE22A66F5C700FF6030 /* Products */ = {
			isa = PBXGroup;
			children = (
				1ABD0BE12A66F5C700FF6030 /* NoteAppUsingSwiftUI.app */,
			);
			name = Products;
			sourceTree = "<group>";
		};
		1ABD0BE32A66F5C700FF6030 /* NoteAppUsingSwiftUI */ = {
			isa = PBXGroup;
			children = (
				1ABD0BE42A66F5C700FF6030 /* NoteAppUsingSwiftUIApp.swift */,
				1ABD0BF92A6D067400FF6030 /* Model */,
				1ABD0BFC2A6D0D7800FF6030 /* ViewModel */,
				1ABD0BF22A68102B00FF6030 /* Views */,
				1ABD0BE82A66F5C700FF6030 /* Assets.xcassets */,
				1ABD0BEA2A66F5C700FF6030 /* Preview Content */,
			);
			path = NoteAppUsingSwiftUI;
			sourceTree = "<group>";
		};
		1ABD0BEA2A66F5C700FF6030 /* Preview Content */ = {
			isa = PBXGroup;
			children = (
				1ABD0BEB2A66F5C700FF6030 /* Preview Assets.xcassets */,
			);
			path = "Preview Content";
			sourceTree = "<group>";
		};
		1ABD0BF22A68102B00FF6030 /* Views */ = {
			isa = PBXGroup;
			children = (
				1ABD0BF32A68104000FF6030 /* ListView.swift */,
				1ABD0BF52A6811BE00FF6030 /* ListRowView.swift */,
				1ABD0BF72A684A8D00FF6030 /* AddView.swift */,
				1ABD0BFF2A6D4C8C00FF6030 /* NoItemsView.swift */,
				1ABD0C012A6E648900FF6030 /* LaunchScreen.storyboard */,
			);
			path = Views;
			sourceTree = "<group>";
		};
		1ABD0BF92A6D067400FF6030 /* Model */ = {
			isa = PBXGroup;
			children = (
				1ABD0BFA2A6D070400FF6030 /* ItemModel.swift */,
			);
			path = Model;
			sourceTree = "<group>";
		};
		1ABD0BFC2A6D0D7800FF6030 /* ViewModel */ = {
			isa = PBXGroup;
			children = (
				1ABD0BFD2A6D0DA400FF6030 /* ListViewModel.swift */,
			);
			path = ViewModel;
			sourceTree = "<group>";
		};
/* End PBXGroup section */

/* Begin PBXNativeTarget section */
		1ABD0BE02A66F5C700FF6030 /* NoteAppUsingSwiftUI */ = {
			isa = PBXNativeTarget;
			buildConfigurationList = 1ABD0BEF2A66F5C700FF6030 /* Build configuration list for PBXNativeTarget "NoteAppUsingSwiftUI" */;
			buildPhases = (
				1ABD0BDD2A66F5C700FF6030 /* Sources */,
				1ABD0BDE2A66F5C700FF6030 /* Frameworks */,
				1ABD0BDF2A66F5C700FF6030 /* Resources */,
			);
			buildRules = (
			);
			dependencies = (
			);
			name = NoteAppUsingSwiftUI;
			productName = NoteAppUsingSwiftUI;
			productReference = 1ABD0BE12A66F5C700FF6030 /* NoteAppUsingSwiftUI.app */;
			productType = "com.apple.product-type.application";
		};
/* End PBXNativeTarget section */

/* Begin PBXProject section */
		1ABD0BD92A66F5C700FF6030 /* Project object */ = {
			isa = PBXProject;
			attributes = {
				BuildIndependentTargetsInParallel = 1;
				LastSwiftUpdateCheck = 1420;
				LastUpgradeCheck = 1420;
				TargetAttributes = {
					1ABD0BE02A66F5C700FF6030 = {
						CreatedOnToolsVersion = 14.2;
					};
				};
			};
			buildConfigurationList = 1ABD0BDC2A66F5C700FF6030 /* Build configuration list for PBXProject "NoteAppUsingSwiftUI" */;
			compatibilityVersion = "Xcode 14.0";
			developmentRegion = en;
			hasScannedForEncodings = 0;
			knownRegions = (
				en,
				Base,
			);
			mainGroup = 1ABD0BD82A66F5C700FF6030;
			productRefGroup = 1ABD0BE22A66F5C700FF6030 /* Products */;
			projectDirPath = "";
			projectRoot = "";
			targets = (
				1ABD0BE02A66F5C700FF6030 /* NoteAppUsingSwiftUI */,
			);
		};
/* End PBXProject section */

/* Begin PBXResourcesBuildPhase section */
		1ABD0BDF2A66F5C700FF6030 /* Resources */ = {
			isa = PBXResourcesBuildPhase;
			buildActionMask = 2147483647;
			files = (
				1ABD0C022A6E648900FF6030 /* LaunchScreen.storyboard in Resources */,
				1ABD0BEC2A66F5C700FF6030 /* Preview Assets.xcassets in Resources */,
				1ABD0BE92A66F5C700FF6030 /* Assets.xcassets in Resources */,
			);
			runOnlyForDeploymentPostprocessing = 0;
		};
/* End PBXResourcesBuildPhase section */

/* Begin PBXSourcesBuildPhase section */
		1ABD0BDD2A66F5C700FF6030 /* Sources */ = {
			isa = PBXSourcesBuildPhase;
			buildActionMask = 2147483647;
			files = (
				1ABD0BFB2A6D070400FF6030 /* ItemModel.swift in Sources */,
				1ABD0BF82A684A8D00FF6030 /* AddView.swift in Sources */,
				1ABD0BFE2A6D0DA400FF6030 /* ListViewModel.swift in Sources */,
				1ABD0BE52A66F5C700FF6030 /* NoteAppUsingSwiftUIApp.swift in Sources */,
				1ABD0BF42A68104000FF6030 /* ListView.swift in Sources */,
				1ABD0C002A6D4C8C00FF6030 /* NoItemsView.swift in Sources */,
				1ABD0BF62A6811BE00FF6030 /* ListRowView.swift in Sources */,
			);
			runOnlyForDeploymentPostprocessing = 0;
		};
/* End PBXSourcesBuildPhase section */

/* Begin XCBuildConfiguration section */
		1ABD0BED2A66F5C700FF6030 /* Debug */ = {
			isa = XCBuildConfiguration;
			buildSettings = {
				ALWAYS_SEARCH_USER_PATHS = NO;
				CLANG_ANALYZER_NONNULL = YES;
				CLANG_ANALYZER_NUMBER_OBJECT_CONVERSION = YES_AGGRESSIVE;
				CLANG_CXX_LANGUAGE_STANDARD = "gnu++20";
				CLANG_ENABLE_MODULES = YES;
				CLANG_ENABLE_OBJC_ARC = YES;
				CLANG_ENABLE_OBJC_WEAK = YES;
				CLANG_WARN_BLOCK_CAPTURE_AUTORELEASING = YES;
				CLANG_WARN_BOOL_CONVERSION = YES;
				CLANG_WARN_COMMA = YES;
				CLANG_WARN_CONSTANT_CONVERSION = YES;
				CLANG_WARN_DEPRECATED_OBJC_IMPLEMENTATIONS = YES;
				CLANG_WARN_DIRECT_OBJC_ISA_USAGE = YES_ERROR;
				CLANG_WARN_DOCUMENTATION_COMMENTS = YES;
				CLANG_WARN_EMPTY_BODY = YES;
				CLANG_WARN_ENUM_CONVERSION = YES;
				CLANG_WARN_INFINITE_RECURSION = YES;
				CLANG_WARN_INT_CONVERSION = YES;
				CLANG_WARN_NON_LITERAL_NULL_CONVERSION = YES;
				CLANG_WARN_OBJC_IMPLICIT_RETAIN_SELF = YES;
				CLANG_WARN_OBJC_LITERAL_CONVERSION = YES;
				CLANG_WARN_OBJC_ROOT_CLASS = YES_ERROR;
				CLANG_WARN_QUOTED_INCLUDE_IN_FRAMEWORK_HEADER = YES;
				CLANG_WARN_RANGE_LOOP_ANALYSIS = YES;
				CLANG_WARN_STRICT_PROTOTYPES = YES;
				CLANG_WARN_SUSPICIOUS_MOVE = YES;
				CLANG_WARN_UNGUARDED_AVAILABILITY = YES_AGGRESSIVE;
				CLANG_WARN_UNREACHABLE_CODE = YES;
				CLANG_WARN__DUPLICATE_METHOD_MATCH = YES;
				COPY_PHASE_STRIP = NO;
				DEBUG_INFORMATION_FORMAT = dwarf;
				ENABLE_STRICT_OBJC_MSGSEND = YES;
				ENABLE_TESTABILITY = YES;
				GCC_C_LANGUAGE_STANDARD = gnu11;
				GCC_DYNAMIC_NO_PIC = NO;
				GCC_NO_COMMON_BLOCKS = YES;
				GCC_OPTIMIZATION_LEVEL = 0;
				GCC_PREPROCESSOR_DEFINITIONS = (
					"DEBUG=1",
					"$(inherited)",
				);
				GCC_WARN_64_TO_32_BIT_CONVERSION = YES;
				GCC_WARN_ABOUT_RETURN_TYPE = YES_ERROR;
				GCC_WARN_UNDECLARED_SELECTOR = YES;
				GCC_WARN_UNINITIALIZED_AUTOS = YES_AGGRESSIVE;
				GCC_WARN_UNUSED_FUNCTION = YES;
				GCC_WARN_UNUSED_VARIABLE = YES;
				IPHONEOS_DEPLOYMENT_TARGET = 16.2;
				MTL_ENABLE_DEBUG_INFO = INCLUDE_SOURCE;
				MTL_FAST_MATH = YES;
				ONLY_ACTIVE_ARCH = YES;
				SDKROOT = iphoneos;
				SWIFT_ACTIVE_COMPILATION_CONDITIONS = DEBUG;
				SWIFT_OPTIMIZATION_LEVEL = "-Onone";
			};
			name = Debug;
		};
		1ABD0BEE2A66F5C700FF6030 /* Release */ = {
			isa = XCBuildConfiguration;
			buildSettings = {
				ALWAYS_SEARCH_USER_PATHS = NO;
				CLANG_ANALYZER_NONNULL = YES;
				CLANG_ANALYZER_NUMBER_OBJECT_CONVERSION = YES_AGGRESSIVE;
				CLANG_CXX_LANGUAGE_STANDARD = "gnu++20";
				CLANG_ENABLE_MODULES = YES;
				CLANG_ENABLE_OBJC_ARC = YES;
				CLANG_ENABLE_OBJC_WEAK = YES;
				CLANG_WARN_BLOCK_CAPTURE_AUTORELEASING = YES;
				CLANG_WARN_BOOL_CONVERSION = YES;
				CLANG_WARN_COMMA = YES;
				CLANG_WARN_CONSTANT_CONVERSION = YES;
				CLANG_WARN_DEPRECATED_OBJC_IMPLEMENTATIONS = YES;
				CLANG_WARN_DIRECT_OBJC_ISA_USAGE = YES_ERROR;
				CLANG_WARN_DOCUMENTATION_COMMENTS = YES;
				CLANG_WARN_EMPTY_BODY = YES;
				CLANG_WARN_ENUM_CONVERSION = YES;
				CLANG_WARN_INFINITE_RECURSION = YES;
				CLANG_WARN_INT_CONVERSION = YES;
				CLANG_WARN_NON_LITERAL_NULL_CONVERSION = YES;
				CLANG_WARN_OBJC_IMPLICIT_RETAIN_SELF = YES;
				CLANG_WARN_OBJC_LITERAL_CONVERSION = YES;
				CLANG_WARN_OBJC_ROOT_CLASS = YES_ERROR;
				CLANG_WARN_QUOTED_INCLUDE_IN_FRAMEWORK_HEADER = YES;
				CLANG_WARN_RANGE_LOOP_ANALYSIS = YES;
				CLANG_WARN_STRICT_PROTOTYPES = YES;
				CLANG_WARN_SUSPICIOUS_MOVE = YES;
				CLANG_WARN_UNGUARDED_AVAILABILITY = YES_AGGRESSIVE;
				CLANG_WARN_UNREACHABLE_CODE = YES;
				CLANG_WARN__DUPLICATE_METHOD_MATCH = YES;
				COPY_PHASE_STRIP = NO;
				DEBUG_INFORMATION_FORMAT = "dwarf-with-dsym";
				ENABLE_NS_ASSERTIONS = NO;
				ENABLE_STRICT_OBJC_MSGSEND = YES;
				GCC_C_LANGUAGE_STANDARD = gnu11;
				GCC_NO_COMMON_BLOCKS = YES;
				GCC_WARN_64_TO_32_BIT_CONVERSION = YES;
				GCC_WARN_ABOUT_RETURN_TYPE = YES_ERROR;
				GCC_WARN_UNDECLARED_SELECTOR = YES;
				GCC_WARN_UNINITIALIZED_AUTOS = YES_AGGRESSIVE;
				GCC_WARN_UNUSED_FUNCTION = YES;
				GCC_WARN_UNUSED_VARIABLE = YES;
				IPHONEOS_DEPLOYMENT_TARGET = 16.2;
				MTL_ENABLE_DEBUG_INFO = NO;
				MTL_FAST_MATH = YES;
				SDKROOT = iphoneos;
				SWIFT_COMPILATION_MODE = wholemodule;
				SWIFT_OPTIMIZATION_LEVEL = "-O";
				VALIDATE_PRODUCT = YES;
			};
			name = Release;
		};
		1ABD0BF02A66F5C700FF6030 /* Debug */ = {
			isa = XCBuildConfiguration;
			buildSettings = {
				ASSETCATALOG_COMPILER_APPICON_NAME = AppIcon;
				ASSETCATALOG_COMPILER_GLOBAL_ACCENT_COLOR_NAME = AccentColor;
				CODE_SIGN_STYLE = Automatic;
				CURRENT_PROJECT_VERSION = 1;
				DEVELOPMENT_ASSET_PATHS = "\"NoteAppUsingSwiftUI/Preview Content\"";
				DEVELOPMENT_TEAM = 7LP3L57P5A;
				ENABLE_PREVIEWS = YES;
				GENERATE_INFOPLIST_FILE = YES;
				INFOPLIST_KEY_CFBundleDisplayName = Notes;
				INFOPLIST_KEY_UIApplicationSceneManifest_Generation = YES;
				INFOPLIST_KEY_UIApplicationSupportsIndirectInputEvents = YES;
				INFOPLIST_KEY_UILaunchScreen_Generation = YES;
				INFOPLIST_KEY_UILaunchStoryboardName = LaunchScreen.storyboard;
				INFOPLIST_KEY_UISupportedInterfaceOrientations_iPad = "UIInterfaceOrientationPortrait UIInterfaceOrientationPortraitUpsideDown UIInterfaceOrientationLandscapeLeft UIInterfaceOrientationLandscapeRight";
				INFOPLIST_KEY_UISupportedInterfaceOrientations_iPhone = "UIInterfaceOrientationPortrait UIInterfaceOrientationLandscapeLeft UIInterfaceOrientationLandscapeRight";
				LD_RUNPATH_SEARCH_PATHS = (
					"$(inherited)",
					"@executable_path/Frameworks",
				);
				MARKETING_VERSION = 1.0;
				PRODUCT_BUNDLE_IDENTIFIER = Mohanned.NoteAppUsingSwiftUI;
				PRODUCT_NAME = "$(TARGET_NAME)";
				SWIFT_EMIT_LOC_STRINGS = YES;
				SWIFT_VERSION = 5.0;
				TARGETED_DEVICE_FAMILY = "1,2";
			};
			name = Debug;
		};
		1ABD0BF12A66F5C700FF6030 /* Release */ = {
			isa = XCBuildConfiguration;
			buildSettings = {
				ASSETCATALOG_COMPILER_APPICON_NAME = AppIcon;
				ASSETCATALOG_COMPILER_GLOBAL_ACCENT_COLOR_NAME = AccentColor;
				CODE_SIGN_STYLE = Automatic;
				CURRENT_PROJECT_VERSION = 1;
				DEVELOPMENT_ASSET_PATHS = "\"NoteAppUsingSwiftUI/Preview Content\"";
				DEVELOPMENT_TEAM = 7LP3L57P5A;
				ENABLE_PREVIEWS = YES;
				GENERATE_INFOPLIST_FILE = YES;
				INFOPLIST_KEY_CFBundleDisplayName = Notes;
				INFOPLIST_KEY_UIApplicationSceneManifest_Generation = YES;
				INFOPLIST_KEY_UIApplicationSupportsIndirectInputEvents = YES;
				INFOPLIST_KEY_UILaunchScreen_Generation = YES;
				INFOPLIST_KEY_UILaunchStoryboardName = LaunchScreen.storyboard;
				INFOPLIST_KEY_UISupportedInterfaceOrientations_iPad = "UIInterfaceOrientationPortrait UIInterfaceOrientationPortraitUpsideDown UIInterfaceOrientationLandscapeLeft UIInterfaceOrientationLandscapeRight";
				INFOPLIST_KEY_UISupportedInterfaceOrientations_iPhone = "UIInterfaceOrientationPortrait UIInterfaceOrientationLandscapeLeft UIInterfaceOrientationLandscapeRight";
				LD_RUNPATH_SEARCH_PATHS = (
					"$(inherited)",
					"@executable_path/Frameworks",
				);
				MARKETING_VERSION = 1.0;
				PRODUCT_BUNDLE_IDENTIFIER = Mohanned.NoteAppUsingSwiftUI;
				PRODUCT_NAME = "$(TARGET_NAME)";
				SWIFT_EMIT_LOC_STRINGS = YES;
				SWIFT_VERSION = 5.0;
				TARGETED_DEVICE_FAMILY = "1,2";
			};
			name = Release;
		};
/* End XCBuildConfiguration section */

/* Begin XCConfigurationList section */
		1ABD0BDC2A66F5C700FF6030 /* Build configuration list for PBXProject "NoteAppUsingSwiftUI" */ = {
			isa = XCConfigurationList;
			buildConfigurations = (
				1ABD0BED2A66F5C700FF6030 /* Debug */,
				1ABD0BEE2A66F5C700FF6030 /* Release */,
			);
			defaultConfigurationIsVisible = 0;
			defaultConfigurationName = Release;
		};
		1ABD0BEF2A66F5C700FF6030 /* Build configuration list for PBXNativeTarget "NoteAppUsingSwiftUI" */ = {
			isa = XCConfigurationList;
			buildConfigurations = (
				1ABD0BF02A66F5C700FF6030 /* Debug */,
				1ABD0BF12A66F5C700FF6030 /* Release */,
			);
			defaultConfigurationIsVisible = 0;
			defaultConfigurationName = Release;
		};
/* End XCConfigurationList section */
	};
	rootObject = 1ABD0BD92A66F5C700FF6030 /* Project object */;
}
